
Microsoft Visual Studio Solution File, Format Version 12.00
# Visual Studio Version 17
VisualStudioVersion = 17.3.32804.467
MinimumVisualStudioVersion = 10.0.40219.1
Project("{9A19103F-16F7-4668-BE54-9A1E7A4F7556}") = "Exercise1", "Assigignment1_Bl5\Exercise1.csproj", "{B7CA2657-2F0C-4194-86B1-66D644F4DC4E}"
EndProject
Project("{9A19103F-16F7-4668-BE54-9A1E7A4F7556}") = "Exercise2", "Exercise2\Exercise2.csproj", "{5D16E38A-A134-4105-8B61-656E26D6626A}"
EndProject
Project("{FAE04EC0-301F-11D3-BF4B-00C04F79EFBC}") = "Exercise3", "Exercise3\Exercise3.csproj", "{C8D6D96D-3965-418E-AB11-0EA19B130154}"
EndProject
Global
	GlobalSection(SolutionConfigurationPlatforms) = preSolution
		Debug|Any CPU = Debug|Any CPU
		Release|Any CPU = Release|Any CPU
	EndGlobalSection
	GlobalSection(ProjectConfigurationPlatforms) = postSolution
		{B7CA2657-2F0C-4194-86B1-66D644F4DC4E}.Debug|Any CPU.ActiveCfg = Debug|Any CPU
		{B7CA2657-2F0C-4194-86B1-66D644F4DC4E}.Debug|Any CPU.Build.0 = Debug|Any CPU
		{B7CA2657-2F0C-4194-86B1-66D644F4DC4E}.Release|Any CPU.ActiveCfg = Release|Any CPU
		{B7CA2657-2F0C-4194-86B1-66D644F4DC4E}.Release|Any CPU.Build.0 = Release|Any CPU
		{5D16E38A-A134-4105-8B61-656E26D6626A}.Debug|Any CPU.ActiveCfg = Debug|Any CPU
		{5D16E38A-A134-4105-8B61-656E26D6626A}.Debug|Any CPU.Build.0 = Debug|Any CPU
		{5D16E38A-A134-4105-8B61-656E26D6626A}.Release|Any CPU.ActiveCfg = Release|Any CPU
		{5D16E38A-A134-4105-8B61-656E26D6626A}.Release|Any CPU.Build.0 = Release|Any CPU
		{C8D6D96D-3965-418E-AB11-0EA19B130154}.Debug|Any CPU.ActiveCfg = Debug|Any CPU
		{C8D6D96D-3965-418E-AB11-0EA19B130154}.Debug|Any CPU.Build.0 = Debug|Any CPU
		{C8D6D96D-3965-418E-AB11-0EA19B130154}.Release|Any CPU.ActiveCfg = Release|Any CPU
		{C8D6D96D-3965-418E-AB11-0EA19B130154}.Release|Any CPU.Build.0 = Release|Any CPU
	EndGlobalSection
	GlobalSection(SolutionProperties) = preSolution
		HideSolutionNode = FALSE
	EndGlobalSection
	GlobalSection(ExtensibilityGlobals) = postSolution
		SolutionGuid = {A02E98CD-0D93-47BB-8976-DA91750D6CDA}
	EndGlobalSection
EndGlobal
